{
    "name": "clark-schema",
    "version": "1.0.3",
    "lockfileVersion": 1,
    "requires": true,
    "dependencies": {
        "@types/bson": {
            "version": "1.0.6",
            "resolved": "https://registry.npmjs.org/@types/bson/-/bson-1.0.6.tgz",
            "integrity": "sha512-v7N8qcTGiYhLRyi+Y69R3tPC4GLqByCg3NC2EO6PciC166O9dNhjFPoXeMePtZ+0f+/O2xLDWXs5BLnRfcBaBA==",
            "dev": true,
            "requires": {
                "@types/node": "9.3.0"
            }
        },
        "@types/events": {
            "version": "1.1.0",
            "resolved": "https://registry.npmjs.org/@types/events/-/events-1.1.0.tgz",
            "integrity": "sha512-y3bR98mzYOo0pAZuiLari+cQyiKk3UXRuT45h1RjhfeCzqkjaVsfZJNaxdgtk7/3tzOm1ozLTqEqMP3VbI48jw==",
            "dev": true
        },
        "@types/jsonfile": {
            "version": "4.0.1",
            "resolved": "https://registry.npmjs.org/@types/jsonfile/-/jsonfile-4.0.1.tgz",
            "integrity": "sha512-XlVk21nYr7/EnG3q3RUo8OTsSTBGcGo0Ts6//pJzGORwv2SxP2CLsvPdIXBYwF9ajFnW/gIGA2nhAJgGHh3vNQ==",
            "requires": {
                "@types/node": "9.3.0"
            }
        },
        "@types/mongodb": {
            "version": "3.0.3",
            "resolved": "https://registry.npmjs.org/@types/mongodb/-/mongodb-3.0.3.tgz",
            "integrity": "sha512-5YMhV8HOQm9KRxhnDj7Z0oSqc+H+VMM1eedQ7w2bqw6wpoFj1GWheDfnuQLiWg5W8vGh3US+c1nwcFlUX91PTA==",
            "dev": true,
            "requires": {
                "@types/bson": "1.0.6",
                "@types/events": "1.1.0",
                "@types/node": "9.3.0"
            }
        },
        "@types/node": {
            "version": "9.3.0",
            "resolved": "https://registry.npmjs.org/@types/node/-/node-9.3.0.tgz",
            "integrity": "sha512-wNBfvNjzsJl4tswIZKXCFQY0lss9nKUyJnG6T94X/eqjRgI2jHZ4evdjhQYBSan/vGtF6XVXPApOmNH2rf0KKw=="
        },
        "bson": {
            "version": "1.0.4",
            "resolved": "https://registry.npmjs.org/bson/-/bson-1.0.4.tgz",
            "integrity": "sha1-k8ENOeqltYQVy8QFLz5T5WKwtyw="
        },
        "clark-entity": {
            "version": "1.0.16",
            "resolved": "https://registry.npmjs.org/clark-entity/-/clark-entity-1.0.16.tgz",
            "integrity": "sha1-4QyiaxBT8sYo8L8MohTwDpYlNIs=",
            "requires": {
                "clark-taxonomy": "1.0.14"
            }
        },
        "clark-taxonomy": {
            "version": "1.0.14",
            "resolved": "https://registry.npmjs.org/clark-taxonomy/-/clark-taxonomy-1.0.14.tgz",
            "integrity": "sha1-NIBuARV9jn7QxdiDjqoeh5dOVQ0=",
            "requires": {
                "@types/jsonfile": "4.0.1",
                "jsonfile": "4.0.0"
            }
        },
        "graceful-fs": {
            "version": "4.1.11",
            "resolved": "https://registry.npmjs.org/graceful-fs/-/graceful-fs-4.1.11.tgz",
            "integrity": "sha1-Dovf5NHduIVNZOBOp8AOKgJuVlg=",
            "optional": true
        },
        "jsonfile": {
            "version": "4.0.0",
            "resolved": "https://registry.npmjs.org/jsonfile/-/jsonfile-4.0.0.tgz",
            "integrity": "sha1-h3Gq4HmbZAdrdmQPygWPnBDjPss=",
            "requires": {
                "graceful-fs": "4.1.11"
            }
        },
        "mongodb": {
            "version": "3.0.1",
            "resolved": "https://registry.npmjs.org/mongodb/-/mongodb-3.0.1.tgz",
            "integrity": "sha1-J47oAGJX7CJ5hZSmJZVGgl1t4bI=",
            "requires": {
                "mongodb-core": "3.0.1"
            }
        },
        "mongodb-core": {
            "version": "3.0.1",
            "resolved": "https://registry.npmjs.org/mongodb-core/-/mongodb-core-3.0.1.tgz",
            "integrity": "sha1-/23Dbulv9ZaVPYCmhA1nMbyS7+0=",
            "requires": {
                "bson": "1.0.4",
                "require_optional": "1.0.1"
            }
        },
        "require_optional": {
            "version": "1.0.1",
            "resolved": "https://registry.npmjs.org/require_optional/-/require_optional-1.0.1.tgz",
            "integrity": "sha512-qhM/y57enGWHAe3v/NcwML6a3/vfESLe/sGM2dII+gEO0BpKRUkWZow/tyloNqJyN6kXSl3RyyM8Ll5D/sJP8g==",
            "requires": {
                "resolve-from": "2.0.0",
                "semver": "5.5.0"
            }
        },
        "resolve-from": {
            "version": "2.0.0",
            "resolved": "https://registry.npmjs.org/resolve-from/-/resolve-from-2.0.0.tgz",
            "integrity": "sha1-lICrIOlP+h2egKgEx+oUdhGWa1c="
        },
        "semver": {
            "version": "5.5.0",
            "resolved": "https://registry.npmjs.org/semver/-/semver-5.5.0.tgz",
            "integrity": "sha512-4SJ3dm0WAwWy/NVeioZh5AntkdJoWKxHxcmyP622fOkgHa4z3R0TdBJICINyaSDE6uNwVc8gZr+ZinwZAH4xIA=="
        }
    }
}
