{
    "name": "@cyber4all/clark-schema",
    "version": "2.0.0-beta.0.0",
    "lockfileVersion": 1,
    "requires": true,
    "dependencies": {
        "@types/graphql": {
            "version": "0.12.4",
            "resolved": "https://registry.npmjs.org/@types/graphql/-/graphql-0.12.4.tgz",
            "integrity": "sha512-zICCZ+LEeqAx/mJ2gmMChlIHiUHhsMfy050DXQ5tSR8+GS4Os0Q0vjK9KT3HVV6bXrV60t02e/3dOmnHUcibYw==",
            "dev": true
        },
        "@types/node": {
            "version": "9.4.6",
            "resolved": "https://registry.npmjs.org/@types/node/-/node-9.4.6.tgz",
            "integrity": "sha512-CTUtLb6WqCCgp6P59QintjHWqzf4VL1uPA27bipLAPxFqrtK1gEYllePzTICGqQ8rYsCbpnsNypXjjDzGAAjEQ=="
        },
        "apollo-link": {
            "version": "1.2.1",
            "resolved": "https://registry.npmjs.org/apollo-link/-/apollo-link-1.2.1.tgz",
            "integrity": "sha512-6Ghf+j3cQLCIvjXd2dJrLw+16HZbWbwmB1qlTc41BviB2hv+rK1nJr17Y9dWK0UD4p3i9Hfddx3tthpMKrueHg==",
            "requires": {
                "@types/node": "9.4.6",
                "apollo-utilities": "1.0.8",
                "zen-observable-ts": "0.8.8"
            }
        },
        "apollo-utilities": {
            "version": "1.0.8",
            "resolved": "https://registry.npmjs.org/apollo-utilities/-/apollo-utilities-1.0.8.tgz",
            "integrity": "sha512-EvqRJCw5xy2gWeH37toUimbEkmUxronCosBNE4tOCJvZUMLLGB8CuTQ5RsBhKJm+rZ6kwGxV+2uszk14f/P/rA=="
        },
        "deprecated-decorator": {
            "version": "0.1.6",
            "resolved": "https://registry.npmjs.org/deprecated-decorator/-/deprecated-decorator-0.1.6.tgz",
            "integrity": "sha1-AJZjF7ehL+kvPMgx91g68ym4bDc="
        },
        "graphql": {
            "version": "0.13.1",
            "resolved": "https://registry.npmjs.org/graphql/-/graphql-0.13.1.tgz",
            "integrity": "sha512-awNp3LTrQ7dJDSX3p3PBuxNDC+WFSOrWeV6+l4Xeh2PQJVOFyQ9SZPonXRz2WZc7aIxLZsf2nDZuuuc0qyEq/A==",
            "requires": {
                "iterall": "1.2.2"
            }
        },
        "graphql-tools": {
            "version": "2.21.0",
            "resolved": "https://registry.npmjs.org/graphql-tools/-/graphql-tools-2.21.0.tgz",
            "integrity": "sha512-AmG4WGdpL1OHwnA20ouP7BVB3KnvUOvsc7+4ULWRzEunyRFUYqxrgnEf20iZnYAha8JCb7AP4WPMwWKmGT91rg==",
            "requires": {
                "apollo-link": "1.2.1",
                "apollo-utilities": "1.0.8",
                "deprecated-decorator": "0.1.6",
                "iterall": "1.2.2",
                "uuid": "3.2.1"
            }
        },
        "iterall": {
            "version": "1.2.2",
            "resolved": "https://registry.npmjs.org/iterall/-/iterall-1.2.2.tgz",
            "integrity": "sha512-yynBb1g+RFUPY64fTrFv7nsjRrENBQJaX2UL+2Szc9REFrSNm1rpSXHGzhmAy7a9uv3vlvgBlXnf9RqmPH1/DA=="
        },
        "typescript": {
            "version": "2.6.2",
            "resolved": "https://registry.npmjs.org/typescript/-/typescript-2.6.2.tgz",
            "integrity": "sha1-PFtv1/beCRQmkCfwPAlGdY92c6Q=",
            "dev": true
        },
        "uuid": {
            "version": "3.2.1",
            "resolved": "https://registry.npmjs.org/uuid/-/uuid-3.2.1.tgz",
            "integrity": "sha512-jZnMwlb9Iku/O3smGWvZhauCf6cvvpKi4BKRiliS3cxnI+Gz9j5MEpTz2UFuXiKPJocb7gnsLHwiS05ige5BEA=="
        },
        "zen-observable": {
            "version": "0.7.1",
            "resolved": "https://registry.npmjs.org/zen-observable/-/zen-observable-0.7.1.tgz",
            "integrity": "sha512-OI6VMSe0yeqaouIXtedC+F55Sr6r9ppS7+wTbSexkYdHbdt4ctTuPNXP/rwm7GTVI63YBc+EBT0b0tl7YnJLRg=="
        },
        "zen-observable-ts": {
            "version": "0.8.8",
            "resolved": "https://registry.npmjs.org/zen-observable-ts/-/zen-observable-ts-0.8.8.tgz",
            "integrity": "sha512-oGjFvBbAA94uh/HvAwJDwMHtNq4lZRtupJx8XsyreOTYvH8x1ef9hIeH/M+IqiAXtNpglq/Klh5rbpYWEeRSOQ==",
            "requires": {
                "zen-observable": "0.7.1"
            }
        }
    }
}
